{
  "lockfileVersion": 1,
  "checksum": "4d2d4bdc37db938a325ba313b076d521971fe7aa55ed608c5573b3f1ce881e5e",
  "settings": {
    "linker": "auto",
    "policy": {
      "schemaVersion": 1,
      "scriptTrust": "ask",
      "strictPeerDependencies": true
    }
  },
  "importers": [
    {
      "id": ".",
      "name": "root",
      "path": ".",
      "specifiers": [
        {
          "name": "shared",
          "range": "^1.0.0",
          "kind": "prod"
        }
      ]
    },
    {
      "id": "packages/a",
      "name": "a",
      "path": "packages/a",
      "specifiers": [
        {
          "name": "shared",
          "range": "^1.0.0",
          "kind": "prod"
        }
      ]
    }
  ],
  "packages": [
    {
      "id": {
        "name": "shared",
        "version": "1.0.0"
      },
      "integrity": "sha512-shared",
      "tarballUrl": "https://example.com/shared-1.0.0.tgz"
    }
  ],
  "edges": [
    {
      "from": ".",
      "to": "shared@1.0.0",
      "kind": "prod",
      "range": "^1.0.0"
    },
    {
      "from": "packages/a",
      "to": "shared@1.0.0",
      "kind": "prod",
      "range": "^1.0.0"
    }
  ]
}
